// !$*UTF8*$!
{
	archiveVersion = 1;
	classes = {
	};
	objectVersion = 77;
	objects = {

/* Begin PBXBuildFile section */
		921A90CD2E618E5A00E685D2 /* SwiftOBD2 in Frameworks */ = {isa = PBXBuildFile; productRef = 921A90CC2E618E5A00E685D2 /* SwiftOBD2 */; };
		921A90D12E61936200E685D2 /* README.md in Resources */ = {isa = PBXBuildFile; fileRef = 921A90D02E61935B00E685D2 /* README.md */; };
/* End PBXBuildFile section */

/* Begin PBXContainerItemProxy section */
		921A90AD2E618A1600E685D2 /* PBXContainerItemProxy */ = {
			isa = PBXContainerItemProxy;
			containerPortal = 921A90952E618A1200E685D2 /* Project object */;
			proxyType = 1;
			remoteGlobalIDString = 921A909C2E618A1200E685D2;
			remoteInfo = "GT86 Toolkit";
		};
		921A90B72E618A1600E685D2 /* PBXContainerItemProxy */ = {
			isa = PBXContainerItemProxy;
			containerPortal = 921A90952E618A1200E685D2 /* Project object */;
			proxyType = 1;
			remoteGlobalIDString = 921A909C2E618A1200E685D2;
			remoteInfo = "GT86 Toolkit";
		};
/* End PBXContainerItemProxy section */

/* Begin PBXFileReference section */
		921A909D2E618A1200E685D2 /* GT86 Toolkit.app */ = {isa = PBXFileReference; explicitFileType = wrapper.application; includeInIndex = 0; path = "GT86 Toolkit.app"; sourceTree = BUILT_PRODUCTS_DIR; };
		921A90AC2E618A1600E685D2 /* GT86 ToolkitTests.xctest */ = {isa = PBXFileReference; explicitFileType = wrapper.cfbundle; includeInIndex = 0; path = "GT86 ToolkitTests.xctest"; sourceTree = BUILT_PRODUCTS_DIR; };
		921A90B62E618A1600E685D2 /* GT86 ToolkitUITests.xctest */ = {isa = PBXFileReference; explicitFileType = wrapper.cfbundle; includeInIndex = 0; path = "GT86 ToolkitUITests.xctest"; sourceTree = BUILT_PRODUCTS_DIR; };
		921A90D02E61935B00E685D2 /* README.md */ = {isa = PBXFileReference; lastKnownFileType = net.daringfireball.markdown; path = README.md; sourceTree = "<group>"; };
/* End PBXFileReference section */

/* Begin PBXFileSystemSynchronizedBuildFileExceptionSet section */
		92ADF8642EAF7FBB009CA66A /* Exceptions for "GT86 Toolkit" folder in "GT86 Toolkit" target */ = {
			isa = PBXFileSystemSynchronizedBuildFileExceptionSet;
			membershipExceptions = (
				"GT86-Toolkit-Info.plist",
			);
			target = 921A909C2E618A1200E685D2 /* GT86 Toolkit */;
		};
/* End PBXFileSystemSynchronizedBuildFileExceptionSet section */

/* Begin PBXFileSystemSynchronizedRootGroup section */
		921A909F2E618A1200E685D2 /* GT86 Toolkit */ = {
			isa = PBXFileSystemSynchronizedRootGroup;
			exceptions = (
				92ADF8642EAF7FBB009CA66A /* Exceptions for "GT86 Toolkit" folder in "GT86 Toolkit" target */,
			);
			path = "GT86 Toolkit";
			sourceTree = "<group>";
		};
		921A90AF2E618A1600E685D2 /* GT86 ToolkitTests */ = {
			isa = PBXFileSystemSynchronizedRootGroup;
			path = "GT86 ToolkitTests";
			sourceTree = "<group>";
		};
		921A90B92E618A1600E685D2 /* GT86 ToolkitUITests */ = {
			isa = PBXFileSystemSynchronizedRootGroup;
			path = "GT86 ToolkitUITests";
			sourceTree = "<group>";
		};
/* End PBXFileSystemSynchronizedRootGroup section */

/* Begin PBXFrameworksBuildPhase section */
		921A909A2E618A1200E685D2 /* Frameworks */ = {
			isa = PBXFrameworksBuildPhase;
			buildActionMask = 2147483647;
			files = (
				921A90CD2E618E5A00E685D2 /* SwiftOBD2 in Frameworks */,
			);
			runOnlyForDeploymentPostprocessing = 0;
		};
		921A90A92E618A1600E685D2 /* Frameworks */ = {
			isa = PBXFrameworksBuildPhase;
			buildActionMask = 2147483647;
			files = (
			);
			runOnlyForDeploymentPostprocessing = 0;
		};
		921A90B32E618A1600E685D2 /* Frameworks */ = {
			isa = PBXFrameworksBuildPhase;
			buildActionMask = 2147483647;
			files = (
			);
			runOnlyForDeploymentPostprocessing = 0;
		};
/* End PBXFrameworksBuildPhase section */

/* Begin PBXGroup section */
		921A90942E618A1200E685D2 = {
			isa = PBXGroup;
			children = (
				921A90D02E61935B00E685D2 /* README.md */,
				921A909F2E618A1200E685D2 /* GT86 Toolkit */,
				921A90AF2E618A1600E685D2 /* GT86 ToolkitTests */,
				921A90B92E618A1600E685D2 /* GT86 ToolkitUITests */,
				921A909E2E618A1200E685D2 /* Products */,
			);
			sourceTree = "<group>";
		};
		921A909E2E618A1200E685D2 /* Products */ = {
			isa = PBXGroup;
			children = (
				921A909D2E618A1200E685D2 /* GT86 Toolkit.app */,
				921A90AC2E618A1600E685D2 /* GT86 ToolkitTests.xctest */,
				921A90B62E618A1600E685D2 /* GT86 ToolkitUITests.xctest */,
			);
			name = Products;
			sourceTree = "<group>";
		};
/* End PBXGroup section */

/* Begin PBXNativeTarget section */
		921A909C2E618A1200E685D2 /* GT86 Toolkit */ = {
			isa = PBXNativeTarget;
			buildConfigurationList = 921A90C02E618A1600E685D2 /* Build configuration list for PBXNativeTarget "GT86 Toolkit" */;
			buildPhases = (
				921A90992E618A1200E685D2 /* Sources */,
				921A909A2E618A1200E685D2 /* Frameworks */,
				921A909B2E618A1200E685D2 /* Resources */,
			);
			buildRules = (
			);
			dependencies = (
			);
			fileSystemSynchronizedGroups = (
				921A909F2E618A1200E685D2 /* GT86 Toolkit */,
			);
			name = "GT86 Toolkit";
			packageProductDependencies = (
				921A90CC2E618E5A00E685D2 /* SwiftOBD2 */,
			);
			productName = "GT86 Toolkit";
			productReference = 921A909D2E618A1200E685D2 /* GT86 Toolkit.app */;
			productType = "com.apple.product-type.application";
		};
		921A90AB2E618A1600E685D2 /* GT86 ToolkitTests */ = {
			isa = PBXNativeTarget;
			buildConfigurationList = 921A90C32E618A1600E685D2 /* Build configuration list for PBXNativeTarget "GT86 ToolkitTests" */;
			buildPhases = (
				921A90A82E618A1600E685D2 /* Sources */,
				921A90A92E618A1600E685D2 /* Frameworks */,
				921A90AA2E618A1600E685D2 /* Resources */,
			);
			buildRules = (
			);
			dependencies = (
				921A90AE2E618A1600E685D2 /* PBXTargetDependency */,
			);
			fileSystemSynchronizedGroups = (
				921A90AF2E618A1600E685D2 /* GT86 ToolkitTests */,
			);
			name = "GT86 ToolkitTests";
			packageProductDependencies = (
			);
			productName = "GT86 ToolkitTests";
			productReference = 921A90AC2E618A1600E685D2 /* GT86 ToolkitTests.xctest */;
			productType = "com.apple.product-type.bundle.unit-test";
		};
		921A90B52E618A1600E685D2 /* GT86 ToolkitUITests */ = {
			isa = PBXNativeTarget;
			buildConfigurationList = 921A90C62E618A1600E685D2 /* Build configuration list for PBXNativeTarget "GT86 ToolkitUITests" */;
			buildPhases = (
				921A90B22E618A1600E685D2 /* Sources */,
				921A90B32E618A1600E685D2 /* Frameworks */,
				921A90B42E618A1600E685D2 /* Resources */,
			);
			buildRules = (
			);
			dependencies = (
				921A90B82E618A1600E685D2 /* PBXTargetDependency */,
			);
			fileSystemSynchronizedGroups = (
				921A90B92E618A1600E685D2 /* GT86 ToolkitUITests */,
			);
			name = "GT86 ToolkitUITests";
			packageProductDependencies = (
			);
			productName = "GT86 ToolkitUITests";
			productReference = 921A90B62E618A1600E685D2 /* GT86 ToolkitUITests.xctest */;
			productType = "com.apple.product-type.bundle.ui-testing";
		};
/* End PBXNativeTarget section */

/* Begin PBXProject section */
		921A90952E618A1200E685D2 /* Project object */ = {
			isa = PBXProject;
			attributes = {
				BuildIndependentTargetsInParallel = 1;
				LastSwiftUpdateCheck = 1640;
				LastUpgradeCheck = 2600;
				TargetAttributes = {
					921A909C2E618A1200E685D2 = {
						CreatedOnToolsVersion = 16.4;
					};
					921A90AB2E618A1600E685D2 = {
						CreatedOnToolsVersion = 16.4;
						TestTargetID = 921A909C2E618A1200E685D2;
					};
					921A90B52E618A1600E685D2 = {
						CreatedOnToolsVersion = 16.4;
						TestTargetID = 921A909C2E618A1200E685D2;
					};
				};
			};
			buildConfigurationList = 921A90982E618A1200E685D2 /* Build configuration list for PBXProject "GT86 Toolkit" */;
			developmentRegion = en;
			hasScannedForEncodings = 0;
			knownRegions = (
				en,
				Base,
			);
			mainGroup = 921A90942E618A1200E685D2;
			minimizedProjectReferenceProxies = 1;
			packageReferences = (
				921A90CB2E618E5A00E685D2 /* XCRemoteSwiftPackageReference "SwiftOBD2" */,
			);
			preferredProjectObjectVersion = 77;
			productRefGroup = 921A909E2E618A1200E685D2 /* Products */;
			projectDirPath = "";
			projectRoot = "";
			targets = (
				921A909C2E618A1200E685D2 /* GT86 Toolkit */,
				921A90AB2E618A1600E685D2 /* GT86 ToolkitTests */,
				921A90B52E618A1600E685D2 /* GT86 ToolkitUITests */,
			);
		};
/* End PBXProject section */

/* Begin PBXResourcesBuildPhase section */
		921A909B2E618A1200E685D2 /* Resources */ = {
			isa = PBXResourcesBuildPhase;
			buildActionMask = 2147483647;
			files = (
				921A90D12E61936200E685D2 /* README.md in Resources */,
			);
			runOnlyForDeploymentPostprocessing = 0;
		};
		921A90AA2E618A1600E685D2 /* Resources */ = {
			isa = PBXResourcesBuildPhase;
			buildActionMask = 2147483647;
			files = (
			);
			runOnlyForDeploymentPostprocessing = 0;
		};
		921A90B42E618A1600E685D2 /* Resources */ = {
			isa = PBXResourcesBuildPhase;
			buildActionMask = 2147483647;
			files = (
			);
			runOnlyForDeploymentPostprocessing = 0;
		};
/* End PBXResourcesBuildPhase section */

/* Begin PBXSourcesBuildPhase section */
		921A90992E618A1200E685D2 /* Sources */ = {
			isa = PBXSourcesBuildPhase;
			buildActionMask = 2147483647;
			files = (
			);
			runOnlyForDeploymentPostprocessing = 0;
		};
		921A90A82E618A1600E685D2 /* Sources */ = {
			isa = PBXSourcesBuildPhase;
			buildActionMask = 2147483647;
			files = (
			);
			runOnlyForDeploymentPostprocessing = 0;
		};
		921A90B22E618A1600E685D2 /* Sources */ = {
			isa = PBXSourcesBuildPhase;
			buildActionMask = 2147483647;
			files = (
			);
			runOnlyForDeploymentPostprocessing = 0;
		};
/* End PBXSourcesBuildPhase section */

/* Begin PBXTargetDependency section */
		921A90AE2E618A1600E685D2 /* PBXTargetDependency */ = {
			isa = PBXTargetDependency;
			target = 921A909C2E618A1200E685D2 /* GT86 Toolkit */;
			targetProxy = 921A90AD2E618A1600E685D2 /* PBXContainerItemProxy */;
		};
		921A90B82E618A1600E685D2 /* PBXTargetDependency */ = {
			isa = PBXTargetDependency;
			target = 921A909C2E618A1200E685D2 /* GT86 Toolkit */;
			targetProxy = 921A90B72E618A1600E685D2 /* PBXContainerItemProxy */;
		};
/* End PBXTargetDependency section */

/* Begin XCBuildConfiguration section */
		921A90BE2E618A1600E685D2 /* Debug */ = {
			isa = XCBuildConfiguration;
			buildSettings = {
				ALWAYS_SEARCH_USER_PATHS = NO;
				ASSETCATALOG_COMPILER_GENERATE_SWIFT_ASSET_SYMBOL_EXTENSIONS = YES;
				CLANG_ANALYZER_NONNULL = YES;
				CLANG_ANALYZER_NUMBER_OBJECT_CONVERSION = YES_AGGRESSIVE;
				CLANG_CXX_LANGUAGE_STANDARD = "gnu++20";
				CLANG_ENABLE_MODULES = YES;
				CLANG_ENABLE_OBJC_ARC = YES;
				CLANG_ENABLE_OBJC_WEAK = YES;
				CLANG_WARN_BLOCK_CAPTURE_AUTORELEASING = YES;
				CLANG_WARN_BOOL_CONVERSION = YES;
				CLANG_WARN_COMMA = YES;
				CLANG_WARN_CONSTANT_CONVERSION = YES;
				CLANG_WARN_DEPRECATED_OBJC_IMPLEMENTATIONS = YES;
				CLANG_WARN_DIRECT_OBJC_ISA_USAGE = YES_ERROR;
				CLANG_WARN_DOCUMENTATION_COMMENTS = YES;
				CLANG_WARN_EMPTY_BODY = YES;
				CLANG_WARN_ENUM_CONVERSION = YES;
				CLANG_WARN_INFINITE_RECURSION = YES;
				CLANG_WARN_INT_CONVERSION = YES;
				CLANG_WARN_NON_LITERAL_NULL_CONVERSION = YES;
				CLANG_WARN_OBJC_IMPLICIT_RETAIN_SELF = YES;
				CLANG_WARN_OBJC_LITERAL_CONVERSION = YES;
				CLANG_WARN_OBJC_ROOT_CLASS = YES_ERROR;
				CLANG_WARN_QUOTED_INCLUDE_IN_FRAMEWORK_HEADER = YES;
				CLANG_WARN_RANGE_LOOP_ANALYSIS = YES;
				CLANG_WARN_STRICT_PROTOTYPES = YES;
				CLANG_WARN_SUSPICIOUS_MOVE = YES;
				CLANG_WARN_UNGUARDED_AVAILABILITY = YES_AGGRESSIVE;
				CLANG_WARN_UNREACHABLE_CODE = YES;
				CLANG_WARN__DUPLICATE_METHOD_MATCH = YES;
				COPY_PHASE_STRIP = NO;
				DEBUG_INFORMATION_FORMAT = dwarf;
				ENABLE_STRICT_OBJC_MSGSEND = YES;
				ENABLE_TESTABILITY = YES;
				ENABLE_USER_SCRIPT_SANDBOXING = YES;
				GCC_C_LANGUAGE_STANDARD = gnu17;
				GCC_DYNAMIC_NO_PIC = NO;
				GCC_NO_COMMON_BLOCKS = YES;
				GCC_OPTIMIZATION_LEVEL = 0;
				GCC_PREPROCESSOR_DEFINITIONS = (
					"DEBUG=1",
					"$(inherited)",
				);
				GCC_WARN_64_TO_32_BIT_CONVERSION = YES;
				GCC_WARN_ABOUT_RETURN_TYPE = YES_ERROR;
				GCC_WARN_UNDECLARED_SELECTOR = YES;
				GCC_WARN_UNINITIALIZED_AUTOS = YES_AGGRESSIVE;
				GCC_WARN_UNUSED_FUNCTION = YES;
				GCC_WARN_UNUSED_VARIABLE = YES;
				IPHONEOS_DEPLOYMENT_TARGET = 17.6;
				LOCALIZATION_PREFERS_STRING_CATALOGS = YES;
				MTL_ENABLE_DEBUG_INFO = INCLUDE_SOURCE;
				MTL_FAST_MATH = YES;
				ONLY_ACTIVE_ARCH = YES;
				SDKROOT = iphoneos;
				STRING_CATALOG_GENERATE_SYMBOLS = YES;
				SWIFT_ACTIVE_COMPILATION_CONDITIONS = "DEBUG $(inherited)";
				SWIFT_OPTIMIZATION_LEVEL = "-Onone";
			};
			name = Debug;
		};
		921A90BF2E618A1600E685D2 /* Release */ = {
			isa = XCBuildConfiguration;
			buildSettings = {
				ALWAYS_SEARCH_USER_PATHS = NO;
				ASSETCATALOG_COMPILER_GENERATE_SWIFT_ASSET_SYMBOL_EXTENSIONS = YES;
				CLANG_ANALYZER_NONNULL = YES;
				CLANG_ANALYZER_NUMBER_OBJECT_CONVERSION = YES_AGGRESSIVE;
				CLANG_CXX_LANGUAGE_STANDARD = "gnu++20";
				CLANG_ENABLE_MODULES = YES;
				CLANG_ENABLE_OBJC_ARC = YES;
				CLANG_ENABLE_OBJC_WEAK = YES;
				CLANG_WARN_BLOCK_CAPTURE_AUTORELEASING = YES;
				CLANG_WARN_BOOL_CONVERSION = YES;
				CLANG_WARN_COMMA = YES;
				CLANG_WARN_CONSTANT_CONVERSION = YES;
				CLANG_WARN_DEPRECATED_OBJC_IMPLEMENTATIONS = YES;
				CLANG_WARN_DIRECT_OBJC_ISA_USAGE = YES_ERROR;
				CLANG_WARN_DOCUMENTATION_COMMENTS = YES;
				CLANG_WARN_EMPTY_BODY = YES;
				CLANG_WARN_ENUM_CONVERSION = YES;
				CLANG_WARN_INFINITE_RECURSION = YES;
				CLANG_WARN_INT_CONVERSION = YES;
				CLANG_WARN_NON_LITERAL_NULL_CONVERSION = YES;
				CLANG_WARN_OBJC_IMPLICIT_RETAIN_SELF = YES;
				CLANG_WARN_OBJC_LITERAL_CONVERSION = YES;
				CLANG_WARN_OBJC_ROOT_CLASS = YES_ERROR;
				CLANG_WARN_QUOTED_INCLUDE_IN_FRAMEWORK_HEADER = YES;
				CLANG_WARN_RANGE_LOOP_ANALYSIS = YES;
				CLANG_WARN_STRICT_PROTOTYPES = YES;
				CLANG_WARN_SUSPICIOUS_MOVE = YES;
				CLANG_WARN_UNGUARDED_AVAILABILITY = YES_AGGRESSIVE;
				CLANG_WARN_UNREACHABLE_CODE = YES;
				CLANG_WARN__DUPLICATE_METHOD_MATCH = YES;
				COPY_PHASE_STRIP = NO;
				DEBUG_INFORMATION_FORMAT = "dwarf-with-dsym";
				ENABLE_NS_ASSERTIONS = NO;
				ENABLE_STRICT_OBJC_MSGSEND = YES;
				ENABLE_USER_SCRIPT_SANDBOXING = YES;
				GCC_C_LANGUAGE_STANDARD = gnu17;
				GCC_NO_COMMON_BLOCKS = YES;
				GCC_WARN_64_TO_32_BIT_CONVERSION = YES;
				GCC_WARN_ABOUT_RETURN_TYPE = YES_ERROR;
				GCC_WARN_UNDECLARED_SELECTOR = YES;
				GCC_WARN_UNINITIALIZED_AUTOS = YES_AGGRESSIVE;
				GCC_WARN_UNUSED_FUNCTION = YES;
				GCC_WARN_UNUSED_VARIABLE = YES;
				IPHONEOS_DEPLOYMENT_TARGET = 17.6;
				LOCALIZATION_PREFERS_STRING_CATALOGS = YES;
				MTL_ENABLE_DEBUG_INFO = NO;
				MTL_FAST_MATH = YES;
				SDKROOT = iphoneos;
				STRING_CATALOG_GENERATE_SYMBOLS = YES;
				SWIFT_COMPILATION_MODE = wholemodule;
				VALIDATE_PRODUCT = YES;
			};
			name = Release;
		};
		921A90C12E618A1600E685D2 /* Debug */ = {
			isa = XCBuildConfiguration;
			buildSettings = {
				ASSETCATALOG_COMPILER_APPICON_NAME = AppIcon;
				ASSETCATALOG_COMPILER_GLOBAL_ACCENT_COLOR_NAME = AccentColor;
				CODE_SIGN_STYLE = Automatic;
				CURRENT_PROJECT_VERSION = 1;
				DEVELOPMENT_TEAM = 8XQX8K2GBD;
				ENABLE_PREVIEWS = YES;
				GENERATE_INFOPLIST_FILE = YES;
				INFOPLIST_FILE = "GT86-Toolkit-Info.plist";
				INFOPLIST_KEY_NSBluetoothAlwaysUsageDescription = "Access OBD2";
				INFOPLIST_KEY_NSBluetoothWhileInUseUsageDescription = "Access OBD2";
				INFOPLIST_KEY_UIApplicationSceneManifest_Generation = YES;
				INFOPLIST_KEY_UIApplicationSupportsIndirectInputEvents = YES;
				INFOPLIST_KEY_UILaunchScreen_Generation = YES;
				INFOPLIST_KEY_UISupportedInterfaceOrientations_iPad = "UIInterfaceOrientationPortrait UIInterfaceOrientationPortraitUpsideDown UIInterfaceOrientationLandscapeLeft UIInterfaceOrientationLandscapeRight";
				INFOPLIST_KEY_UISupportedInterfaceOrientations_iPhone = "UIInterfaceOrientationPortrait UIInterfaceOrientationLandscapeLeft UIInterfaceOrientationLandscapeRight";
				IPHONEOS_DEPLOYMENT_TARGET = 17.0;
				LD_RUNPATH_SEARCH_PATHS = (
					"$(inherited)",
					"@executable_path/Frameworks",
				);
				MARKETING_VERSION = 1.0;
				PRODUCT_BUNDLE_IDENTIFIER = "eco999.GT86-Toolkit";
				PRODUCT_NAME = "$(TARGET_NAME)";
				SWIFT_EMIT_LOC_STRINGS = YES;
				SWIFT_VERSION = 5.0;
				TARGETED_DEVICE_FAMILY = 1;
			};
			name = Debug;
		};
		921A90C22E618A1600E685D2 /* Release */ = {
			isa = XCBuildConfiguration;
			buildSettings = {
				ASSETCATALOG_COMPILER_APPICON_NAME = AppIcon;
				ASSETCATALOG_COMPILER_GLOBAL_ACCENT_COLOR_NAME = AccentColor;
				CODE_SIGN_STYLE = Automatic;
				CURRENT_PROJECT_VERSION = 1;
				DEVELOPMENT_TEAM = 8XQX8K2GBD;
				ENABLE_PREVIEWS = YES;
				GENERATE_INFOPLIST_FILE = YES;
				INFOPLIST_FILE = "GT86-Toolkit-Info.plist";
				INFOPLIST_KEY_NSBluetoothAlwaysUsageDescription = "Access OBD2";
				INFOPLIST_KEY_NSBluetoothWhileInUseUsageDescription = "Access OBD2";
				INFOPLIST_KEY_UIApplicationSceneManifest_Generation = YES;
				INFOPLIST_KEY_UIApplicationSupportsIndirectInputEvents = YES;
				INFOPLIST_KEY_UILaunchScreen_Generation = YES;
				INFOPLIST_KEY_UISupportedInterfaceOrientations_iPad = "UIInterfaceOrientationPortrait UIInterfaceOrientationPortraitUpsideDown UIInterfaceOrientationLandscapeLeft UIInterfaceOrientationLandscapeRight";
				INFOPLIST_KEY_UISupportedInterfaceOrientations_iPhone = "UIInterfaceOrientationPortrait UIInterfaceOrientationLandscapeLeft UIInterfaceOrientationLandscapeRight";
				IPHONEOS_DEPLOYMENT_TARGET = 17.0;
				LD_RUNPATH_SEARCH_PATHS = (
					"$(inherited)",
					"@executable_path/Frameworks",
				);
				MARKETING_VERSION = 1.0;
				PRODUCT_BUNDLE_IDENTIFIER = "eco999.GT86-Toolkit";
				PRODUCT_NAME = "$(TARGET_NAME)";
				SWIFT_EMIT_LOC_STRINGS = YES;
				SWIFT_VERSION = 5.0;
				TARGETED_DEVICE_FAMILY = 1;
			};
			name = Release;
		};
		921A90C42E618A1600E685D2 /* Debug */ = {
			isa = XCBuildConfiguration;
			buildSettings = {
				BUNDLE_LOADER = "$(TEST_HOST)";
				CODE_SIGN_STYLE = Automatic;
				CURRENT_PROJECT_VERSION = 1;
				GENERATE_INFOPLIST_FILE = YES;
				IPHONEOS_DEPLOYMENT_TARGET = 18.5;
				MARKETING_VERSION = 1.0;
				PRODUCT_BUNDLE_IDENTIFIER = "eco999.GT86-ToolkitTests";
				PRODUCT_NAME = "$(TARGET_NAME)";
				SWIFT_EMIT_LOC_STRINGS = NO;
				SWIFT_VERSION = 5.0;
				TARGETED_DEVICE_FAMILY = "1,2";
				TEST_HOST = "$(BUILT_PRODUCTS_DIR)/GT86 Toolkit.app/$(BUNDLE_EXECUTABLE_FOLDER_PATH)/GT86 Toolkit";
			};
			name = Debug;
		};
		921A90C52E618A1600E685D2 /* Release */ = {
			isa = XCBuildConfiguration;
			buildSettings = {
				BUNDLE_LOADER = "$(TEST_HOST)";
				CODE_SIGN_STYLE = Automatic;
				CURRENT_PROJECT_VERSION = 1;
				GENERATE_INFOPLIST_FILE = YES;
				IPHONEOS_DEPLOYMENT_TARGET = 18.5;
				MARKETING_VERSION = 1.0;
				PRODUCT_BUNDLE_IDENTIFIER = "eco999.GT86-ToolkitTests";
				PRODUCT_NAME = "$(TARGET_NAME)";
				SWIFT_EMIT_LOC_STRINGS = NO;
				SWIFT_VERSION = 5.0;
				TARGETED_DEVICE_FAMILY = "1,2";
				TEST_HOST = "$(BUILT_PRODUCTS_DIR)/GT86 Toolkit.app/$(BUNDLE_EXECUTABLE_FOLDER_PATH)/GT86 Toolkit";
			};
			name = Release;
		};
		921A90C72E618A1600E685D2 /* Debug */ = {
			isa = XCBuildConfiguration;
			buildSettings = {
				CODE_SIGN_STYLE = Automatic;
				CURRENT_PROJECT_VERSION = 1;
				GENERATE_INFOPLIST_FILE = YES;
				MARKETING_VERSION = 1.0;
				PRODUCT_BUNDLE_IDENTIFIER = "eco999.GT86-ToolkitUITests";
				PRODUCT_NAME = "$(TARGET_NAME)";
				SWIFT_EMIT_LOC_STRINGS = NO;
				SWIFT_VERSION = 5.0;
				TARGETED_DEVICE_FAMILY = "1,2";
				TEST_TARGET_NAME = "GT86 Toolkit";
			};
			name = Debug;
		};
		921A90C82E618A1600E685D2 /* Release */ = {
			isa = XCBuildConfiguration;
			buildSettings = {
				CODE_SIGN_STYLE = Automatic;
				CURRENT_PROJECT_VERSION = 1;
				GENERATE_INFOPLIST_FILE = YES;
				MARKETING_VERSION = 1.0;
				PRODUCT_BUNDLE_IDENTIFIER = "eco999.GT86-ToolkitUITests";
				PRODUCT_NAME = "$(TARGET_NAME)";
				SWIFT_EMIT_LOC_STRINGS = NO;
				SWIFT_VERSION = 5.0;
				TARGETED_DEVICE_FAMILY = "1,2";
				TEST_TARGET_NAME = "GT86 Toolkit";
			};
			name = Release;
		};
/* End XCBuildConfiguration section */

/* Begin XCConfigurationList section */
		921A90982E618A1200E685D2 /* Build configuration list for PBXProject "GT86 Toolkit" */ = {
			isa = XCConfigurationList;
			buildConfigurations = (
				921A90BE2E618A1600E685D2 /* Debug */,
				921A90BF2E618A1600E685D2 /* Release */,
			);
			defaultConfigurationIsVisible = 0;
			defaultConfigurationName = Release;
		};
		921A90C02E618A1600E685D2 /* Build configuration list for PBXNativeTarget "GT86 Toolkit" */ = {
			isa = XCConfigurationList;
			buildConfigurations = (
				921A90C12E618A1600E685D2 /* Debug */,
				921A90C22E618A1600E685D2 /* Release */,
			);
			defaultConfigurationIsVisible = 0;
			defaultConfigurationName = Release;
		};
		921A90C32E618A1600E685D2 /* Build configuration list for PBXNativeTarget "GT86 ToolkitTests" */ = {
			isa = XCConfigurationList;
			buildConfigurations = (
				921A90C42E618A1600E685D2 /* Debug */,
				921A90C52E618A1600E685D2 /* Release */,
			);
			defaultConfigurationIsVisible = 0;
			defaultConfigurationName = Release;
		};
		921A90C62E618A1600E685D2 /* Build configuration list for PBXNativeTarget "GT86 ToolkitUITests" */ = {
			isa = XCConfigurationList;
			buildConfigurations = (
				921A90C72E618A1600E685D2 /* Debug */,
				921A90C82E618A1600E685D2 /* Release */,
			);
			defaultConfigurationIsVisible = 0;
			defaultConfigurationName = Release;
		};
/* End XCConfigurationList section */

/* Begin XCRemoteSwiftPackageReference section */
		921A90CB2E618E5A00E685D2 /* XCRemoteSwiftPackageReference "SwiftOBD2" */ = {
			isa = XCRemoteSwiftPackageReference;
			repositoryURL = "https://github.com/kkonteh97/SwiftOBD2/";
			requirement = {
				branch = main;
				kind = branch;
			};
		};
/* End XCRemoteSwiftPackageReference section */

/* Begin XCSwiftPackageProductDependency section */
		921A90CC2E618E5A00E685D2 /* SwiftOBD2 */ = {
			isa = XCSwiftPackageProductDependency;
			package = 921A90CB2E618E5A00E685D2 /* XCRemoteSwiftPackageReference "SwiftOBD2" */;
			productName = SwiftOBD2;
		};
/* End XCSwiftPackageProductDependency section */
	};
	rootObject = 921A90952E618A1200E685D2 /* Project object */;
}
